
Microsoft Visual Studio Solution File, Format Version 12.00
# Visual Studio Version 17
VisualStudioVersion = 17.4.33122.133
MinimumVisualStudioVersion = 10.0.40219.1
Project("{FAE04EC0-301F-11D3-BF4B-00C04F79EFBC}") = "AudioSync", "AudioSync\AudioSync.csproj", "{CF2C27AD-6507-4298-879F-B8BC791EB27A}"
EndProject
Global
	GlobalSection(SolutionConfigurationPlatforms) = preSolution
		Debug|Any CPU = Debug|Any CPU
		Release|Any CPU = Release|Any CPU
	EndGlobalSection
	GlobalSection(ProjectConfigurationPlatforms) = postSolution
		{CF2C27AD-6507-4298-879F-B8BC791EB27A}.Debug|Any CPU.ActiveCfg = Debug|Any CPU
		{CF2C27AD-6507-4298-879F-B8BC791EB27A}.Debug|Any CPU.Build.0 = Debug|Any CPU
		{CF2C27AD-6507-4298-879F-B8BC791EB27A}.Release|Any CPU.ActiveCfg = Release|Any CPU
		{CF2C27AD-6507-4298-879F-B8BC791EB27A}.Release|Any CPU.Build.0 = Release|Any CPU
	EndGlobalSection
	GlobalSection(SolutionProperties) = preSolution
		HideSolutionNode = FALSE
	EndGlobalSection
	GlobalSection(ExtensibilityGlobals) = postSolution
		SolutionGuid = {90176147-C94C-4250-AA4F-FAD2DAF0B46F}
	EndGlobalSection
EndGlobal
